<Solution>
  <Folder Name="/src/">
    <Project Path="src/Dusiburg.AI.O2C.AppHost/Dusiburg.AI.O2C.AppHost.csproj" />
    <Project Path="src/Dusiburg.AI.O2C.Approvals.Web/Dusiburg.AI.O2C.Approvals.Web.csproj" />
    <Project Path="src/Dusiburg.AI.O2C.Crm.Data/Dusiburg.AI.O2C.Crm.Data.csproj" />
    <Project Path="src/Dusiburg.AI.O2C.Crm.Mcp/Dusiburg.AI.O2C.Crm.Mcp.csproj" />
    <Project Path="src/Dusiburg.AI.O2C.Crm.Web/Dusiburg.AI.O2C.Crm.Web.csproj" />
    <Project Path="src/Dusiburg.AI.O2C.Erp.Api/Dusiburg.AI.O2C.Erp.Api.csproj" />
    <Project Path="src/Dusiburg.AI.O2C.Erp.Data/Dusiburg.AI.O2C.Erp.Data.csproj" />
    <Project Path="src/Dusiburg.AI.O2C.Erp.Mcp/Dusiburg.AI.O2C.Erp.Mcp.csproj" />
    <Project Path="src/Dusiburg.AI.O2C.Erp.Web/Dusiburg.AI.O2C.Erp.Web.csproj" />
    <Project Path="src/Dusiburg.AI.O2C.Mcp.Hosting/Dusiburg.AI.O2C.Mcp.Hosting.csproj" />
    <Project Path="src/Dusiburg.AI.O2C.Orchestration.Data/Dusiburg.AI.O2C.Orchestration.Data.csproj" />
    <Project Path="src/Dusiburg.AI.O2C.Orchestrator/Dusiburg.AI.O2C.Orchestrator.csproj" />
    <Project Path="src/Dusiburg.AI.O2C.ServiceDefaults/Dusiburg.AI.O2C.ServiceDefaults.csproj" />
    <Project Path="src/Dusiburg.AI.O2C.Shared/Dusiburg.AI.O2C.Shared.csproj" />
  </Folder>
  <Folder Name="/tests/">
    <Project Path="tests/Dusiburg.AI.O2C.Erp.Api.Tests/Dusiburg.AI.O2C.Erp.Api.Tests.csproj" />
    <Project Path="tests/Dusiburg.AI.O2C.Mcp.Tests/Dusiburg.AI.O2C.Mcp.Tests.csproj" />
    <Project Path="tests/Dusiburg.AI.O2C.Orchestrator.Tests/Dusiburg.AI.O2C.Orchestrator.Tests.csproj" />
    <Project Path="tests/Dusiburg.AI.O2C.Web.Tests/Dusiburg.AI.O2C.Web.Tests.csproj" />
  </Folder>
  <Folder Name="/tools/">
    <Project Path="tools/Dusiburg.AI.O2C.DbInit/Dusiburg.AI.O2C.DbInit.csproj" />
    <Project Path="tools/Dusiburg.AI.O2C.PromptReplay/Dusiburg.AI.O2C.PromptReplay.csproj" />
  </Folder>
</Solution>
